
Microsoft Visual Studio Solution File, Format Version 12.00
# Visual Studio Version 17
VisualStudioVersion = 17.7.34018.315
MinimumVisualStudioVersion = 10.0.40219.1
Project("{FAE04EC0-301F-11D3-BF4B-00C04F79EFBC}") = "Exercicio3", "Exercicio3\Exercicio3.csproj", "{A3A4903D-A1AB-4727-8F66-FD7EB50EE8FC}"
EndProject
Global
	GlobalSection(SolutionConfigurationPlatforms) = preSolution
		Debug|Any CPU = Debug|Any CPU
		Release|Any CPU = Release|Any CPU
	EndGlobalSection
	GlobalSection(ProjectConfigurationPlatforms) = postSolution
		{A3A4903D-A1AB-4727-8F66-FD7EB50EE8FC}.Debug|Any CPU.ActiveCfg = Debug|Any CPU
		{A3A4903D-A1AB-4727-8F66-FD7EB50EE8FC}.Debug|Any CPU.Build.0 = Debug|Any CPU
		{A3A4903D-A1AB-4727-8F66-FD7EB50EE8FC}.Release|Any CPU.ActiveCfg = Release|Any CPU
		{A3A4903D-A1AB-4727-8F66-FD7EB50EE8FC}.Release|Any CPU.Build.0 = Release|Any CPU
	EndGlobalSection
	GlobalSection(SolutionProperties) = preSolution
		HideSolutionNode = FALSE
	EndGlobalSection
	GlobalSection(ExtensibilityGlobals) = postSolution
		SolutionGuid = {49F8F2EA-5A0C-4702-92F8-0861E979C9B2}
	EndGlobalSection
EndGlobal
